
Microsoft Visual Studio Solution File, Format Version 12.00
# Visual Studio Version 17
VisualStudioVersion = 17.5.33530.505
MinimumVisualStudioVersion = 10.0.40219.1
Project("{9A19103F-16F7-4668-BE54-9A1E7A4F7556}") = "KGQT", "KGQT.csproj", "{19507AB0-6595-4C94-8F49-1ADEC136A2CC}"
EndProject
Global
	GlobalSection(SolutionConfigurationPlatforms) = preSolution
		Debug|Any CPU = Debug|Any CPU
		Release|Any CPU = Release|Any CPU
	EndGlobalSection
	GlobalSection(ProjectConfigurationPlatforms) = postSolution
		{19507AB0-6595-4C94-8F49-1ADEC136A2CC}.Debug|Any CPU.ActiveCfg = Debug|Any CPU
		{19507AB0-6595-4C94-8F49-1ADEC136A2CC}.Debug|Any CPU.Build.0 = Debug|Any CPU
		{19507AB0-6595-4C94-8F49-1ADEC136A2CC}.Release|Any CPU.ActiveCfg = Release|Any CPU
		{19507AB0-6595-4C94-8F49-1ADEC136A2CC}.Release|Any CPU.Build.0 = Release|Any CPU
	EndGlobalSection
	GlobalSection(SolutionProperties) = preSolution
		HideSolutionNode = FALSE
	EndGlobalSection
	GlobalSection(ExtensibilityGlobals) = postSolution
		SolutionGuid = {518936E3-FE71-44AC-B52B-67DEF02A32E7}
	EndGlobalSection
EndGlobal
